
Microsoft Visual Studio Solution File, Format Version 12.00
# Visual Studio Version 16
VisualStudioVersion = 16.0.30717.126
MinimumVisualStudioVersion = 10.0.40219.1
Project("{FAE04EC0-301F-11D3-BF4B-00C04F79EFBC}") = "sop11", "sop11\sop11.csproj", "{39F90A3F-66E0-45E4-9F0E-34D715705C12}"
EndProject
Global
	GlobalSection(SolutionConfigurationPlatforms) = preSolution
		Debug|Any CPU = Debug|Any CPU
		Release|Any CPU = Release|Any CPU
	EndGlobalSection
	GlobalSection(ProjectConfigurationPlatforms) = postSolution
		{39F90A3F-66E0-45E4-9F0E-34D715705C12}.Debug|Any CPU.ActiveCfg = Debug|Any CPU
		{39F90A3F-66E0-45E4-9F0E-34D715705C12}.Debug|Any CPU.Build.0 = Debug|Any CPU
		{39F90A3F-66E0-45E4-9F0E-34D715705C12}.Release|Any CPU.ActiveCfg = Release|Any CPU
		{39F90A3F-66E0-45E4-9F0E-34D715705C12}.Release|Any CPU.Build.0 = Release|Any CPU
	EndGlobalSection
	GlobalSection(SolutionProperties) = preSolution
		HideSolutionNode = FALSE
	EndGlobalSection
	GlobalSection(ExtensibilityGlobals) = postSolution
		SolutionGuid = {92C92FE6-7245-4CD7-854C-BAF31EA101C6}
	EndGlobalSection
EndGlobal
